// !$*UTF8*$!
{
	archiveVersion = 1;
	classes = {
	};
	objectVersion = 46;
	objects = {

/* Begin PBXBuildFile section */
		630A4D141DB6732B00882307 /* SegmentationViewController.m in Sources */ = {isa = PBXBuildFile; fileRef = 630A4D131DB6732B00882307 /* SegmentationViewController.m */; };
		630A4D181DB6737300882307 /* NSString+YJTools.m in Sources */ = {isa = PBXBuildFile; fileRef = 630A4D171DB6737300882307 /* NSString+YJTools.m */; };
		63668ED71DB873DA003646E2 /* NSObject+YJTools.m in Sources */ = {isa = PBXBuildFile; fileRef = 63668ED61DB873DA003646E2 /* NSObject+YJTools.m */; };
		63668EDD1DB87432003646E2 /* ConvertTypeViewController.m in Sources */ = {isa = PBXBuildFile; fileRef = 63668EDC1DB87432003646E2 /* ConvertTypeViewController.m */; };
		63AC99DE1DADFF6A0089278D /* main.m in Sources */ = {isa = PBXBuildFile; fileRef = 63AC99DD1DADFF6A0089278D /* main.m */; };
		63AC99E11DADFF6A0089278D /* AppDelegate.m in Sources */ = {isa = PBXBuildFile; fileRef = 63AC99E01DADFF6A0089278D /* AppDelegate.m */; };
		63AC99E71DADFF6A0089278D /* Main.storyboard in Resources */ = {isa = PBXBuildFile; fileRef = 63AC99E51DADFF6A0089278D /* Main.storyboard */; };
		63AC99E91DADFF6A0089278D /* Assets.xcassets in Resources */ = {isa = PBXBuildFile; fileRef = 63AC99E81DADFF6A0089278D /* Assets.xcassets */; };
		63AC99EC1DADFF6A0089278D /* LaunchScreen.storyboard in Resources */ = {isa = PBXBuildFile; fileRef = 63AC99EA1DADFF6A0089278D /* LaunchScreen.storyboard */; };
		63AC99F71DAE003E0089278D /* detection.aiff in Resources */ = {isa = PBXBuildFile; fileRef = 63AC99F41DAE003E0089278D /* detection.aiff */; };
		63AC99FB1DAE01330089278D /* MonitorMuteManager.m in Sources */ = {isa = PBXBuildFile; fileRef = 63AC99FA1DAE01330089278D /* MonitorMuteManager.m */; };
		63AC99FF1DAE2EE40089278D /* YJMainViewController.m in Sources */ = {isa = PBXBuildFile; fileRef = 63AC99FD1DAE2EE40089278D /* YJMainViewController.m */; };
		63AC9A001DAE2EE40089278D /* YJMainViewController.xib in Resources */ = {isa = PBXBuildFile; fileRef = 63AC99FE1DAE2EE40089278D /* YJMainViewController.xib */; };
/* End PBXBuildFile section */

/* Begin PBXFileReference section */
		630A4D121DB6732B00882307 /* SegmentationViewController.h */ = {isa = PBXFileReference; fileEncoding = 4; lastKnownFileType = sourcecode.c.h; path = SegmentationViewController.h; sourceTree = "<group>"; };
		630A4D131DB6732B00882307 /* SegmentationViewController.m */ = {isa = PBXFileReference; fileEncoding = 4; lastKnownFileType = sourcecode.c.objc; path = SegmentationViewController.m; sourceTree = "<group>"; };
		630A4D161DB6737300882307 /* NSString+YJTools.h */ = {isa = PBXFileReference; fileEncoding = 4; lastKnownFileType = sourcecode.c.h; path = "NSString+YJTools.h"; sourceTree = "<group>"; };
		630A4D171DB6737300882307 /* NSString+YJTools.m */ = {isa = PBXFileReference; fileEncoding = 4; lastKnownFileType = sourcecode.c.objc; path = "NSString+YJTools.m"; sourceTree = "<group>"; };
		63668ED51DB873DA003646E2 /* NSObject+YJTools.h */ = {isa = PBXFileReference; fileEncoding = 4; lastKnownFileType = sourcecode.c.h; path = "NSObject+YJTools.h"; sourceTree = "<group>"; };
		63668ED61DB873DA003646E2 /* NSObject+YJTools.m */ = {isa = PBXFileReference; fileEncoding = 4; lastKnownFileType = sourcecode.c.objc; path = "NSObject+YJTools.m"; sourceTree = "<group>"; };
		63668EDB1DB87432003646E2 /* ConvertTypeViewController.h */ = {isa = PBXFileReference; fileEncoding = 4; lastKnownFileType = sourcecode.c.h; path = ConvertTypeViewController.h; sourceTree = "<group>"; };
		63668EDC1DB87432003646E2 /* ConvertTypeViewController.m */ = {isa = PBXFileReference; fileEncoding = 4; lastKnownFileType = sourcecode.c.objc; path = ConvertTypeViewController.m; sourceTree = "<group>"; };
		63AC99D91DADFF6A0089278D /* YJToolsGather.app */ = {isa = PBXFileReference; explicitFileType = wrapper.application; includeInIndex = 0; path = YJToolsGather.app; sourceTree = BUILT_PRODUCTS_DIR; };
		63AC99DD1DADFF6A0089278D /* main.m */ = {isa = PBXFileReference; lastKnownFileType = sourcecode.c.objc; path = main.m; sourceTree = "<group>"; };
		63AC99DF1DADFF6A0089278D /* AppDelegate.h */ = {isa = PBXFileReference; lastKnownFileType = sourcecode.c.h; path = AppDelegate.h; sourceTree = "<group>"; };
		63AC99E01DADFF6A0089278D /* AppDelegate.m */ = {isa = PBXFileReference; lastKnownFileType = sourcecode.c.objc; path = AppDelegate.m; sourceTree = "<group>"; };
		63AC99E61DADFF6A0089278D /* Base */ = {isa = PBXFileReference; lastKnownFileType = file.storyboard; name = Base; path = Base.lproj/Main.storyboard; sourceTree = "<group>"; };
		63AC99E81DADFF6A0089278D /* Assets.xcassets */ = {isa = PBXFileReference; lastKnownFileType = folder.assetcatalog; path = Assets.xcassets; sourceTree = "<group>"; };
		63AC99EB1DADFF6A0089278D /* Base */ = {isa = PBXFileReference; lastKnownFileType = file.storyboard; name = Base; path = Base.lproj/LaunchScreen.storyboard; sourceTree = "<group>"; };
		63AC99ED1DADFF6A0089278D /* Info.plist */ = {isa = PBXFileReference; lastKnownFileType = text.plist.xml; path = Info.plist; sourceTree = "<group>"; };
		63AC99F41DAE003E0089278D /* detection.aiff */ = {isa = PBXFileReference; lastKnownFileType = audio.aiff; path = detection.aiff; sourceTree = "<group>"; };
		63AC99F91DAE01330089278D /* MonitorMuteManager.h */ = {isa = PBXFileReference; fileEncoding = 4; lastKnownFileType = sourcecode.c.h; path = MonitorMuteManager.h; sourceTree = "<group>"; };
		63AC99FA1DAE01330089278D /* MonitorMuteManager.m */ = {isa = PBXFileReference; fileEncoding = 4; lastKnownFileType = sourcecode.c.objc; path = MonitorMuteManager.m; sourceTree = "<group>"; };
		63AC99FC1DAE2EE40089278D /* YJMainViewController.h */ = {isa = PBXFileReference; fileEncoding = 4; lastKnownFileType = sourcecode.c.h; path = YJMainViewController.h; sourceTree = "<group>"; };
		63AC99FD1DAE2EE40089278D /* YJMainViewController.m */ = {isa = PBXFileReference; fileEncoding = 4; lastKnownFileType = sourcecode.c.objc; path = YJMainViewController.m; sourceTree = "<group>"; };
		63AC99FE1DAE2EE40089278D /* YJMainViewController.xib */ = {isa = PBXFileReference; fileEncoding = 4; lastKnownFileType = file.xib; path = YJMainViewController.xib; sourceTree = "<group>"; };
/* End PBXFileReference section */

/* Begin PBXFrameworksBuildPhase section */
		63AC99D61DADFF6A0089278D /* Frameworks */ = {
			isa = PBXFrameworksBuildPhase;
			buildActionMask = 2147483647;
			files = (
			);
			runOnlyForDeploymentPostprocessing = 0;
		};
/* End PBXFrameworksBuildPhase section */

/* Begin PBXGroup section */
		630A4D151DB6734A00882307 /* Category */ = {
			isa = PBXGroup;
			children = (
				630A4D161DB6737300882307 /* NSString+YJTools.h */,
				630A4D171DB6737300882307 /* NSString+YJTools.m */,
				63668ED51DB873DA003646E2 /* NSObject+YJTools.h */,
				63668ED61DB873DA003646E2 /* NSObject+YJTools.m */,
			);
			path = Category;
			sourceTree = "<group>";
		};
		63AC99D01DADFF6A0089278D = {
			isa = PBXGroup;
			children = (
				63AC99DB1DADFF6A0089278D /* YJToolsGather */,
				63AC99DA1DADFF6A0089278D /* Products */,
			);
			sourceTree = "<group>";
		};
		63AC99DA1DADFF6A0089278D /* Products */ = {
			isa = PBXGroup;
			children = (
				63AC99D91DADFF6A0089278D /* YJToolsGather.app */,
			);
			name = Products;
			sourceTree = "<group>";
		};
		63AC99DB1DADFF6A0089278D /* YJToolsGather */ = {
			isa = PBXGroup;
			children = (
				630A4D151DB6734A00882307 /* Category */,
				63AC99F31DAE003E0089278D /* MonitorMuteManager */,
				63AC99DF1DADFF6A0089278D /* AppDelegate.h */,
				63AC99E01DADFF6A0089278D /* AppDelegate.m */,
				63AC99FC1DAE2EE40089278D /* YJMainViewController.h */,
				63AC99FD1DAE2EE40089278D /* YJMainViewController.m */,
				63AC99FE1DAE2EE40089278D /* YJMainViewController.xib */,
				630A4D121DB6732B00882307 /* SegmentationViewController.h */,
				630A4D131DB6732B00882307 /* SegmentationViewController.m */,
				63668EDB1DB87432003646E2 /* ConvertTypeViewController.h */,
				63668EDC1DB87432003646E2 /* ConvertTypeViewController.m */,
				63AC99DC1DADFF6A0089278D /* Supporting Files */,
			);
			path = YJToolsGather;
			sourceTree = "<group>";
		};
		63AC99DC1DADFF6A0089278D /* Supporting Files */ = {
			isa = PBXGroup;
			children = (
				63AC99E51DADFF6A0089278D /* Main.storyboard */,
				63AC99E81DADFF6A0089278D /* Assets.xcassets */,
				63AC99EA1DADFF6A0089278D /* LaunchScreen.storyboard */,
				63AC99ED1DADFF6A0089278D /* Info.plist */,
				63AC99DD1DADFF6A0089278D /* main.m */,
			);
			name = "Supporting Files";
			sourceTree = "<group>";
		};
		63AC99F31DAE003E0089278D /* MonitorMuteManager */ = {
			isa = PBXGroup;
			children = (
				63AC99F41DAE003E0089278D /* detection.aiff */,
				63AC99F91DAE01330089278D /* MonitorMuteManager.h */,
				63AC99FA1DAE01330089278D /* MonitorMuteManager.m */,
			);
			path = MonitorMuteManager;
			sourceTree = "<group>";
		};
/* End PBXGroup section */

/* Begin PBXNativeTarget section */
		63AC99D81DADFF6A0089278D /* YJToolsGather */ = {
			isa = PBXNativeTarget;
			buildConfigurationList = 63AC99F01DADFF6A0089278D /* Build configuration list for PBXNativeTarget "YJToolsGather" */;
			buildPhases = (
				63AC99D51DADFF6A0089278D /* Sources */,
				63AC99D61DADFF6A0089278D /* Frameworks */,
				63AC99D71DADFF6A0089278D /* Resources */,
			);
			buildRules = (
			);
			dependencies = (
			);
			name = YJToolsGather;
			productName = YJToolsGather;
			productReference = 63AC99D91DADFF6A0089278D /* YJToolsGather.app */;
			productType = "com.apple.product-type.application";
		};
/* End PBXNativeTarget section */

/* Begin PBXProject section */
		63AC99D11DADFF6A0089278D /* Project object */ = {
			isa = PBXProject;
			attributes = {
				LastUpgradeCheck = 0800;
				ORGANIZATIONNAME = YJHou;
				TargetAttributes = {
					63AC99D81DADFF6A0089278D = {
						CreatedOnToolsVersion = 8.0;
						DevelopmentTeam = 33JZ8ZWGJN;
						ProvisioningStyle = Automatic;
					};
				};
			};
			buildConfigurationList = 63AC99D41DADFF6A0089278D /* Build configuration list for PBXProject "YJToolsGather" */;
			compatibilityVersion = "Xcode 3.2";
			developmentRegion = English;
			hasScannedForEncodings = 0;
			knownRegions = (
				en,
				Base,
			);
			mainGroup = 63AC99D01DADFF6A0089278D;
			productRefGroup = 63AC99DA1DADFF6A0089278D /* Products */;
			projectDirPath = "";
			projectRoot = "";
			targets = (
				63AC99D81DADFF6A0089278D /* YJToolsGather */,
			);
		};
/* End PBXProject section */

/* Begin PBXResourcesBuildPhase section */
		63AC99D71DADFF6A0089278D /* Resources */ = {
			isa = PBXResourcesBuildPhase;
			buildActionMask = 2147483647;
			files = (
				63AC99EC1DADFF6A0089278D /* LaunchScreen.storyboard in Resources */,
				63AC99F71DAE003E0089278D /* detection.aiff in Resources */,
				63AC9A001DAE2EE40089278D /* YJMainViewController.xib in Resources */,
				63AC99E91DADFF6A0089278D /* Assets.xcassets in Resources */,
				63AC99E71DADFF6A0089278D /* Main.storyboard in Resources */,
			);
			runOnlyForDeploymentPostprocessing = 0;
		};
/* End PBXResourcesBuildPhase section */

/* Begin PBXSourcesBuildPhase section */
		63AC99D51DADFF6A0089278D /* Sources */ = {
			isa = PBXSourcesBuildPhase;
			buildActionMask = 2147483647;
			files = (
				630A4D181DB6737300882307 /* NSString+YJTools.m in Sources */,
				63AC99E11DADFF6A0089278D /* AppDelegate.m in Sources */,
				63AC99DE1DADFF6A0089278D /* main.m in Sources */,
				63668ED71DB873DA003646E2 /* NSObject+YJTools.m in Sources */,
				63AC99FB1DAE01330089278D /* MonitorMuteManager.m in Sources */,
				63668EDD1DB87432003646E2 /* ConvertTypeViewController.m in Sources */,
				63AC99FF1DAE2EE40089278D /* YJMainViewController.m in Sources */,
				630A4D141DB6732B00882307 /* SegmentationViewController.m in Sources */,
			);
			runOnlyForDeploymentPostprocessing = 0;
		};
/* End PBXSourcesBuildPhase section */

/* Begin PBXVariantGroup section */
		63AC99E51DADFF6A0089278D /* Main.storyboard */ = {
			isa = PBXVariantGroup;
			children = (
				63AC99E61DADFF6A0089278D /* Base */,
			);
			name = Main.storyboard;
			sourceTree = "<group>";
		};
		63AC99EA1DADFF6A0089278D /* LaunchScreen.storyboard */ = {
			isa = PBXVariantGroup;
			children = (
				63AC99EB1DADFF6A0089278D /* Base */,
			);
			name = LaunchScreen.storyboard;
			sourceTree = "<group>";
		};
/* End PBXVariantGroup section */

/* Begin XCBuildConfiguration section */
		63AC99EE1DADFF6A0089278D /* Debug */ = {
			isa = XCBuildConfiguration;
			buildSettings = {
				ALWAYS_SEARCH_USER_PATHS = NO;
				CLANG_ANALYZER_NONNULL = YES;
				CLANG_CXX_LANGUAGE_STANDARD = "gnu++0x";
				CLANG_CXX_LIBRARY = "libc++";
				CLANG_ENABLE_MODULES = YES;
				CLANG_ENABLE_OBJC_ARC = YES;
				CLANG_WARN_BOOL_CONVERSION = YES;
				CLANG_WARN_CONSTANT_CONVERSION = YES;
				CLANG_WARN_DIRECT_OBJC_ISA_USAGE = YES_ERROR;
				CLANG_WARN_DOCUMENTATION_COMMENTS = YES;
				CLANG_WARN_EMPTY_BODY = YES;
				CLANG_WARN_ENUM_CONVERSION = YES;
				CLANG_WARN_INFINITE_RECURSION = YES;
				CLANG_WARN_INT_CONVERSION = YES;
				CLANG_WARN_OBJC_ROOT_CLASS = YES_ERROR;
				CLANG_WARN_SUSPICIOUS_MOVES = YES;
				CLANG_WARN_UNREACHABLE_CODE = YES;
				CLANG_WARN__DUPLICATE_METHOD_MATCH = YES;
				"CODE_SIGN_IDENTITY[sdk=iphoneos*]" = "iPhone Developer";
				COPY_PHASE_STRIP = NO;
				DEBUG_INFORMATION_FORMAT = dwarf;
				ENABLE_STRICT_OBJC_MSGSEND = YES;
				ENABLE_TESTABILITY = YES;
				GCC_C_LANGUAGE_STANDARD = gnu99;
				GCC_DYNAMIC_NO_PIC = NO;
				GCC_NO_COMMON_BLOCKS = YES;
				GCC_OPTIMIZATION_LEVEL = 0;
				GCC_PREPROCESSOR_DEFINITIONS = (
					"DEBUG=1",
					"$(inherited)",
				);
				GCC_WARN_64_TO_32_BIT_CONVERSION = YES;
				GCC_WARN_ABOUT_RETURN_TYPE = YES_ERROR;
				GCC_WARN_UNDECLARED_SELECTOR = YES;
				GCC_WARN_UNINITIALIZED_AUTOS = YES_AGGRESSIVE;
				GCC_WARN_UNUSED_FUNCTION = YES;
				GCC_WARN_UNUSED_VARIABLE = YES;
				IPHONEOS_DEPLOYMENT_TARGET = 10.0;
				MTL_ENABLE_DEBUG_INFO = YES;
				ONLY_ACTIVE_ARCH = YES;
				SDKROOT = iphoneos;
			};
			name = Debug;
		};
		63AC99EF1DADFF6A0089278D /* Release */ = {
			isa = XCBuildConfiguration;
			buildSettings = {
				ALWAYS_SEARCH_USER_PATHS = NO;
				CLANG_ANALYZER_NONNULL = YES;
				CLANG_CXX_LANGUAGE_STANDARD = "gnu++0x";
				CLANG_CXX_LIBRARY = "libc++";
				CLANG_ENABLE_MODULES = YES;
				CLANG_ENABLE_OBJC_ARC = YES;
				CLANG_WARN_BOOL_CONVERSION = YES;
				CLANG_WARN_CONSTANT_CONVERSION = YES;
				CLANG_WARN_DIRECT_OBJC_ISA_USAGE = YES_ERROR;
				CLANG_WARN_DOCUMENTATION_COMMENTS = YES;
				CLANG_WARN_EMPTY_BODY = YES;
				CLANG_WARN_ENUM_CONVERSION = YES;
				CLANG_WARN_INFINITE_RECURSION = YES;
				CLANG_WARN_INT_CONVERSION = YES;
				CLANG_WARN_OBJC_ROOT_CLASS = YES_ERROR;
				CLANG_WARN_SUSPICIOUS_MOVES = YES;
				CLANG_WARN_UNREACHABLE_CODE = YES;
				CLANG_WARN__DUPLICATE_METHOD_MATCH = YES;
				"CODE_SIGN_IDENTITY[sdk=iphoneos*]" = "iPhone Developer";
				COPY_PHASE_STRIP = NO;
				DEBUG_INFORMATION_FORMAT = "dwarf-with-dsym";
				ENABLE_NS_ASSERTIONS = NO;
				ENABLE_STRICT_OBJC_MSGSEND = YES;
				GCC_C_LANGUAGE_STANDARD = gnu99;
				GCC_NO_COMMON_BLOCKS = YES;
				GCC_WARN_64_TO_32_BIT_CONVERSION = YES;
				GCC_WARN_ABOUT_RETURN_TYPE = YES_ERROR;
				GCC_WARN_UNDECLARED_SELECTOR = YES;
				GCC_WARN_UNINITIALIZED_AUTOS = YES_AGGRESSIVE;
				GCC_WARN_UNUSED_FUNCTION = YES;
				GCC_WARN_UNUSED_VARIABLE = YES;
				IPHONEOS_DEPLOYMENT_TARGET = 10.0;
				MTL_ENABLE_DEBUG_INFO = NO;
				SDKROOT = iphoneos;
				VALIDATE_PRODUCT = YES;
			};
			name = Release;
		};
		63AC99F11DADFF6A0089278D /* Debug */ = {
			isa = XCBuildConfiguration;
			buildSettings = {
				ASSETCATALOG_COMPILER_APPICON_NAME = AppIcon;
				DEVELOPMENT_TEAM = 33JZ8ZWGJN;
				INFOPLIST_FILE = YJToolsGather/Info.plist;
				IPHONEOS_DEPLOYMENT_TARGET = 8.0;
				LD_RUNPATH_SEARCH_PATHS = "$(inherited) @executable_path/Frameworks";
				PRODUCT_BUNDLE_IDENTIFIER = com.isMonkey.YJDemo;
				PRODUCT_NAME = "$(TARGET_NAME)";
			};
			name = Debug;
		};
		63AC99F21DADFF6A0089278D /* Release */ = {
			isa = XCBuildConfiguration;
			buildSettings = {
				ASSETCATALOG_COMPILER_APPICON_NAME = AppIcon;
				DEVELOPMENT_TEAM = 33JZ8ZWGJN;
				INFOPLIST_FILE = YJToolsGather/Info.plist;
				IPHONEOS_DEPLOYMENT_TARGET = 8.0;
				LD_RUNPATH_SEARCH_PATHS = "$(inherited) @executable_path/Frameworks";
				PRODUCT_BUNDLE_IDENTIFIER = com.isMonkey.YJDemo;
				PRODUCT_NAME = "$(TARGET_NAME)";
			};
			name = Release;
		};
/* End XCBuildConfiguration section */

/* Begin XCConfigurationList section */
		63AC99D41DADFF6A0089278D /* Build configuration list for PBXProject "YJToolsGather" */ = {
			isa = XCConfigurationList;
			buildConfigurations = (
				63AC99EE1DADFF6A0089278D /* Debug */,
				63AC99EF1DADFF6A0089278D /* Release */,
			);
			defaultConfigurationIsVisible = 0;
			defaultConfigurationName = Release;
		};
		63AC99F01DADFF6A0089278D /* Build configuration list for PBXNativeTarget "YJToolsGather" */ = {
			isa = XCConfigurationList;
			buildConfigurations = (
				63AC99F11DADFF6A0089278D /* Debug */,
				63AC99F21DADFF6A0089278D /* Release */,
			);
			defaultConfigurationIsVisible = 0;
			defaultConfigurationName = Release;
		};
/* End XCConfigurationList section */
	};
	rootObject = 63AC99D11DADFF6A0089278D /* Project object */;
}
